<Solution>
  <Folder Name="/doc/">
    <File Path="../doc/design.md" />
  </Folder>
  <Folder Name="/docs/">
    <File Path="../docs/README.md" />
    <Folder Name="/design-previews/">
      <File Path="../docs/design-previews/ui-directions.html" />
    </Folder>
    <Folder Name="/superpowers/">
      <Folder Name="/plans/">
        <File Path="../docs/superpowers/plans/2026-05-22-surfweb.md" />
      </Folder>
      <Folder Name="/specs/">
        <File Path="../docs/superpowers/specs/2026-05-22-surfweb-design.md" />
      </Folder>
    </Folder>
  </Folder>
  <Project Path="SurfWeb.Core/SurfWeb.Core.csproj" />
  <Project Path="Configurations/Configurations.csproj" />
  <Project Path="Utils/Utils.csproj" />
  <Project Path="Repositories/Repositories.csproj" />
  <Project Path="Services/SurfWeb.Services.csproj" />
  <Project Path="SurfWeb.ServerStatus/SurfWeb.ServerStatus.csproj" />
  <Project Path="SurfWeb.Api/SurfWeb.Api.csproj" />
</Solution>
